
Microsoft Visual Studio Solution File, Format Version 12.00
# Visual Studio 14
VisualStudioVersion = 14.0.24720.0
MinimumVisualStudioVersion = 10.0.40219.1
Project("{FAE04EC0-301F-11D3-BF4B-00C04F79EFBC}") = "EFPT.Lib", "EFPT.Lib\EFPT.Lib.csproj", "{9F51DC72-A8FE-4743-8B67-80FCA48FCAEE}"
EndProject
Project("{FAE04EC0-301F-11D3-BF4B-00C04F79EFBC}") = "EFPT.App", "EFPT.App\EFPT.App.csproj", "{EFE38FDE-BE16-4D00-A4E3-F002F9ABCBC4}"
EndProject
Project("{FAE04EC0-301F-11D3-BF4B-00C04F79EFBC}") = "EFPT.Model", "EFPT.Model\EFPT.Model.csproj", "{B633D96B-AFD9-4AE3-A20E-BD82E152533D}"
EndProject
Project("{FAE04EC0-301F-11D3-BF4B-00C04F79EFBC}") = "EFPT.Data", "EFPT.Data\EFPT.Data.csproj", "{A1D92C9B-7D33-4E79-9846-59454355A29A}"
EndProject
Project("{FAE04EC0-301F-11D3-BF4B-00C04F79EFBC}") = "EFPT.Mssql", "EFPT.Mssql\EFPT.Mssql.csproj", "{3462DFB1-8ADD-47F7-8E58-2099D9E4FC2F}"
EndProject
Project("{FAE04EC0-301F-11D3-BF4B-00C04F79EFBC}") = "EFPT.Performans", "EFPT.Performans\EFPT.Performans.csproj", "{F7F59141-5C02-4F7B-B1B0-678F0FFE45CB}"
EndProject
Project("{FAE04EC0-301F-11D3-BF4B-00C04F79EFBC}") = "EFPT.Mysql", "EFPT.Mysql\EFPT.Mysql.csproj", "{3CBDF1F6-26DC-4041-9392-DF1A93EB6AE2}"
EndProject
Project("{FAE04EC0-301F-11D3-BF4B-00C04F79EFBC}") = "TabStrip", "TabStrip\TabStrip.csproj", "{F929CA6A-87BD-42C8-8D0A-6455DB6F55DC}"
EndProject
Project("{FAE04EC0-301F-11D3-BF4B-00C04F79EFBC}") = "RazorHosting", "RazorHosting\RazorHosting.csproj", "{13DB1CAB-C0B7-4B58-9780-42CF51067E67}"
EndProject
Project("{FAE04EC0-301F-11D3-BF4B-00C04F79EFBC}") = "EFPT.Performans.ServerApp", "EFPT.Performans.ServerApp\EFPT.Performans.ServerApp.csproj", "{FDBA2F38-10D6-4C70-BD61-EC0CBA21CFAF}"
EndProject
Project("{FAE04EC0-301F-11D3-BF4B-00C04F79EFBC}") = "EFPT.Remote", "EFPT.Remote\EFPT.Remote.csproj", "{9A2EFCA1-6B14-485F-9F66-8F4C5ADBA9A5}"
EndProject
Project("{FAE04EC0-301F-11D3-BF4B-00C04F79EFBC}") = "EFPT.Temp", "EFPT.Temp\EFPT.Temp.csproj", "{C60388BF-142F-48C6-A3F9-83DABBDDAD57}"
EndProject
Global
	GlobalSection(SolutionConfigurationPlatforms) = preSolution
		Debug|Any CPU = Debug|Any CPU
		Release|Any CPU = Release|Any CPU
	EndGlobalSection
	GlobalSection(ProjectConfigurationPlatforms) = postSolution
		{9F51DC72-A8FE-4743-8B67-80FCA48FCAEE}.Debug|Any CPU.ActiveCfg = Debug|Any CPU
		{9F51DC72-A8FE-4743-8B67-80FCA48FCAEE}.Debug|Any CPU.Build.0 = Debug|Any CPU
		{9F51DC72-A8FE-4743-8B67-80FCA48FCAEE}.Release|Any CPU.ActiveCfg = Release|Any CPU
		{9F51DC72-A8FE-4743-8B67-80FCA48FCAEE}.Release|Any CPU.Build.0 = Release|Any CPU
		{EFE38FDE-BE16-4D00-A4E3-F002F9ABCBC4}.Debug|Any CPU.ActiveCfg = Debug|Any CPU
		{EFE38FDE-BE16-4D00-A4E3-F002F9ABCBC4}.Debug|Any CPU.Build.0 = Debug|Any CPU
		{EFE38FDE-BE16-4D00-A4E3-F002F9ABCBC4}.Release|Any CPU.ActiveCfg = Release|Any CPU
		{EFE38FDE-BE16-4D00-A4E3-F002F9ABCBC4}.Release|Any CPU.Build.0 = Release|Any CPU
		{B633D96B-AFD9-4AE3-A20E-BD82E152533D}.Debug|Any CPU.ActiveCfg = Debug|Any CPU
		{B633D96B-AFD9-4AE3-A20E-BD82E152533D}.Debug|Any CPU.Build.0 = Debug|Any CPU
		{B633D96B-AFD9-4AE3-A20E-BD82E152533D}.Release|Any CPU.ActiveCfg = Release|Any CPU
		{B633D96B-AFD9-4AE3-A20E-BD82E152533D}.Release|Any CPU.Build.0 = Release|Any CPU
		{A1D92C9B-7D33-4E79-9846-59454355A29A}.Debug|Any CPU.ActiveCfg = Debug|Any CPU
		{A1D92C9B-7D33-4E79-9846-59454355A29A}.Debug|Any CPU.Build.0 = Debug|Any CPU
		{A1D92C9B-7D33-4E79-9846-59454355A29A}.Release|Any CPU.ActiveCfg = Release|Any CPU
		{A1D92C9B-7D33-4E79-9846-59454355A29A}.Release|Any CPU.Build.0 = Release|Any CPU
		{3462DFB1-8ADD-47F7-8E58-2099D9E4FC2F}.Debug|Any CPU.ActiveCfg = Debug|Any CPU
		{3462DFB1-8ADD-47F7-8E58-2099D9E4FC2F}.Debug|Any CPU.Build.0 = Debug|Any CPU
		{3462DFB1-8ADD-47F7-8E58-2099D9E4FC2F}.Release|Any CPU.ActiveCfg = Release|Any CPU
		{3462DFB1-8ADD-47F7-8E58-2099D9E4FC2F}.Release|Any CPU.Build.0 = Release|Any CPU
		{F7F59141-5C02-4F7B-B1B0-678F0FFE45CB}.Debug|Any CPU.ActiveCfg = Debug|Any CPU
		{F7F59141-5C02-4F7B-B1B0-678F0FFE45CB}.Debug|Any CPU.Build.0 = Debug|Any CPU
		{F7F59141-5C02-4F7B-B1B0-678F0FFE45CB}.Release|Any CPU.ActiveCfg = Release|Any CPU
		{F7F59141-5C02-4F7B-B1B0-678F0FFE45CB}.Release|Any CPU.Build.0 = Release|Any CPU
		{3CBDF1F6-26DC-4041-9392-DF1A93EB6AE2}.Debug|Any CPU.ActiveCfg = Debug|Any CPU
		{3CBDF1F6-26DC-4041-9392-DF1A93EB6AE2}.Debug|Any CPU.Build.0 = Debug|Any CPU
		{3CBDF1F6-26DC-4041-9392-DF1A93EB6AE2}.Release|Any CPU.ActiveCfg = Release|Any CPU
		{3CBDF1F6-26DC-4041-9392-DF1A93EB6AE2}.Release|Any CPU.Build.0 = Release|Any CPU
		{F929CA6A-87BD-42C8-8D0A-6455DB6F55DC}.Debug|Any CPU.ActiveCfg = Debug|Any CPU
		{F929CA6A-87BD-42C8-8D0A-6455DB6F55DC}.Debug|Any CPU.Build.0 = Debug|Any CPU
		{F929CA6A-87BD-42C8-8D0A-6455DB6F55DC}.Release|Any CPU.ActiveCfg = Release|Any CPU
		{F929CA6A-87BD-42C8-8D0A-6455DB6F55DC}.Release|Any CPU.Build.0 = Release|Any CPU
		{13DB1CAB-C0B7-4B58-9780-42CF51067E67}.Debug|Any CPU.ActiveCfg = Debug|Any CPU
		{13DB1CAB-C0B7-4B58-9780-42CF51067E67}.Debug|Any CPU.Build.0 = Debug|Any CPU
		{13DB1CAB-C0B7-4B58-9780-42CF51067E67}.Release|Any CPU.ActiveCfg = Release|Any CPU
		{13DB1CAB-C0B7-4B58-9780-42CF51067E67}.Release|Any CPU.Build.0 = Release|Any CPU
		{FDBA2F38-10D6-4C70-BD61-EC0CBA21CFAF}.Debug|Any CPU.ActiveCfg = Debug|Any CPU
		{FDBA2F38-10D6-4C70-BD61-EC0CBA21CFAF}.Debug|Any CPU.Build.0 = Debug|Any CPU
		{FDBA2F38-10D6-4C70-BD61-EC0CBA21CFAF}.Release|Any CPU.ActiveCfg = Release|Any CPU
		{FDBA2F38-10D6-4C70-BD61-EC0CBA21CFAF}.Release|Any CPU.Build.0 = Release|Any CPU
		{9A2EFCA1-6B14-485F-9F66-8F4C5ADBA9A5}.Debug|Any CPU.ActiveCfg = Debug|Any CPU
		{9A2EFCA1-6B14-485F-9F66-8F4C5ADBA9A5}.Debug|Any CPU.Build.0 = Debug|Any CPU
		{9A2EFCA1-6B14-485F-9F66-8F4C5ADBA9A5}.Release|Any CPU.ActiveCfg = Release|Any CPU
		{9A2EFCA1-6B14-485F-9F66-8F4C5ADBA9A5}.Release|Any CPU.Build.0 = Release|Any CPU
		{C60388BF-142F-48C6-A3F9-83DABBDDAD57}.Debug|Any CPU.ActiveCfg = Debug|Any CPU
		{C60388BF-142F-48C6-A3F9-83DABBDDAD57}.Debug|Any CPU.Build.0 = Debug|Any CPU
		{C60388BF-142F-48C6-A3F9-83DABBDDAD57}.Release|Any CPU.ActiveCfg = Release|Any CPU
		{C60388BF-142F-48C6-A3F9-83DABBDDAD57}.Release|Any CPU.Build.0 = Release|Any CPU
	EndGlobalSection
	GlobalSection(SolutionProperties) = preSolution
		HideSolutionNode = FALSE
	EndGlobalSection
EndGlobal
